
Microsoft Visual Studio Solution File, Format Version 12.00
# Visual Studio Version 16
VisualStudioVersion = 16.0.32228.343
MinimumVisualStudioVersion = 10.0.40219.1
Project("{FAE04EC0-301F-11D3-BF4B-00C04F79EFBC}") = "LoggingLearning", "LoggingLearning.csproj", "{561BF401-F620-41C6-BDC3-C8A3EB1AB283}"
EndProject
Global
	GlobalSection(SolutionConfigurationPlatforms) = preSolution
		Debug|Any CPU = Debug|Any CPU
		Release|Any CPU = Release|Any CPU
	EndGlobalSection
	GlobalSection(ProjectConfigurationPlatforms) = postSolution
		{561BF401-F620-41C6-BDC3-C8A3EB1AB283}.Debug|Any CPU.ActiveCfg = Debug|Any CPU
		{561BF401-F620-41C6-BDC3-C8A3EB1AB283}.Debug|Any CPU.Build.0 = Debug|Any CPU
		{561BF401-F620-41C6-BDC3-C8A3EB1AB283}.Release|Any CPU.ActiveCfg = Release|Any CPU
		{561BF401-F620-41C6-BDC3-C8A3EB1AB283}.Release|Any CPU.Build.0 = Release|Any CPU
	EndGlobalSection
	GlobalSection(SolutionProperties) = preSolution
		HideSolutionNode = FALSE
	EndGlobalSection
	GlobalSection(ExtensibilityGlobals) = postSolution
		SolutionGuid = {C0706FD5-1FFD-439A-AC2F-FB3507545FDC}
	EndGlobalSection
EndGlobal
